// !$*UTF8*$!
{
	archiveVersion = 1;
	classes = {
	};
	objectVersion = 46;
	objects = {

/* Begin PBXBuildFile section */
		2D5F87EE71EC2D6A49C76936 /* Pods_Snap_shot.framework in Frameworks */ = {isa = PBXBuildFile; fileRef = 6B2F9285F18BAD26B54589A9 /* Pods_Snap_shot.framework */; };
		63D242B31EB7F83A001B85BC /* SnapsViewController.swift in Sources */ = {isa = PBXBuildFile; fileRef = 63D242B21EB7F83A001B85BC /* SnapsViewController.swift */; };
		63D242B51EB7FD1D001B85BC /* PictureViewController.swift in Sources */ = {isa = PBXBuildFile; fileRef = 63D242B41EB7FD1D001B85BC /* PictureViewController.swift */; };
		63D242B71EB829D5001B85BC /* SelectUserViewController.swift in Sources */ = {isa = PBXBuildFile; fileRef = 63D242B61EB829D5001B85BC /* SelectUserViewController.swift */; };
		63FBCE841EB66D7100586464 /* AppDelegate.swift in Sources */ = {isa = PBXBuildFile; fileRef = 63FBCE831EB66D7100586464 /* AppDelegate.swift */; };
		63FBCE861EB66D7100586464 /* SignInViewController.swift in Sources */ = {isa = PBXBuildFile; fileRef = 63FBCE851EB66D7100586464 /* SignInViewController.swift */; };
		63FBCE891EB66D7100586464 /* Main.storyboard in Resources */ = {isa = PBXBuildFile; fileRef = 63FBCE871EB66D7100586464 /* Main.storyboard */; };
		63FBCE8C1EB66D7100586464 /* Snap_shot.xcdatamodeld in Sources */ = {isa = PBXBuildFile; fileRef = 63FBCE8A1EB66D7100586464 /* Snap_shot.xcdatamodeld */; };
		63FBCE8E1EB66D7100586464 /* Assets.xcassets in Resources */ = {isa = PBXBuildFile; fileRef = 63FBCE8D1EB66D7100586464 /* Assets.xcassets */; };
		63FBCE911EB66D7100586464 /* LaunchScreen.storyboard in Resources */ = {isa = PBXBuildFile; fileRef = 63FBCE8F1EB66D7100586464 /* LaunchScreen.storyboard */; };
		63FBCE991EB674D100586464 /* GoogleService-Info.plist in Resources */ = {isa = PBXBuildFile; fileRef = 63FBCE981EB674D100586464 /* GoogleService-Info.plist */; };
/* End PBXBuildFile section */

/* Begin PBXFileReference section */
		63D242B11EB7F31B001B85BC /* Snap shot.entitlements */ = {isa = PBXFileReference; lastKnownFileType = text.plist.entitlements; path = "Snap shot.entitlements"; sourceTree = "<group>"; };
		63D242B21EB7F83A001B85BC /* SnapsViewController.swift */ = {isa = PBXFileReference; fileEncoding = 4; lastKnownFileType = sourcecode.swift; path = SnapsViewController.swift; sourceTree = "<group>"; };
		63D242B41EB7FD1D001B85BC /* PictureViewController.swift */ = {isa = PBXFileReference; fileEncoding = 4; lastKnownFileType = sourcecode.swift; path = PictureViewController.swift; sourceTree = "<group>"; };
		63D242B61EB829D5001B85BC /* SelectUserViewController.swift */ = {isa = PBXFileReference; fileEncoding = 4; lastKnownFileType = sourcecode.swift; path = SelectUserViewController.swift; sourceTree = "<group>"; };
		63FBCE801EB66D7100586464 /* Snap shot.app */ = {isa = PBXFileReference; explicitFileType = wrapper.application; includeInIndex = 0; path = "Snap shot.app"; sourceTree = BUILT_PRODUCTS_DIR; };
		63FBCE831EB66D7100586464 /* AppDelegate.swift */ = {isa = PBXFileReference; lastKnownFileType = sourcecode.swift; path = AppDelegate.swift; sourceTree = "<group>"; };
		63FBCE851EB66D7100586464 /* SignInViewController.swift */ = {isa = PBXFileReference; lastKnownFileType = sourcecode.swift; path = SignInViewController.swift; sourceTree = "<group>"; };
		63FBCE881EB66D7100586464 /* Base */ = {isa = PBXFileReference; lastKnownFileType = file.storyboard; name = Base; path = Base.lproj/Main.storyboard; sourceTree = "<group>"; };
		63FBCE8B1EB66D7100586464 /* Snap_shot.xcdatamodel */ = {isa = PBXFileReference; lastKnownFileType = wrapper.xcdatamodel; path = Snap_shot.xcdatamodel; sourceTree = "<group>"; };
		63FBCE8D1EB66D7100586464 /* Assets.xcassets */ = {isa = PBXFileReference; lastKnownFileType = folder.assetcatalog; path = Assets.xcassets; sourceTree = "<group>"; };
		63FBCE901EB66D7100586464 /* Base */ = {isa = PBXFileReference; lastKnownFileType = file.storyboard; name = Base; path = Base.lproj/LaunchScreen.storyboard; sourceTree = "<group>"; };
		63FBCE921EB66D7100586464 /* Info.plist */ = {isa = PBXFileReference; lastKnownFileType = text.plist.xml; path = Info.plist; sourceTree = "<group>"; };
		63FBCE981EB674D100586464 /* GoogleService-Info.plist */ = {isa = PBXFileReference; fileEncoding = 4; lastKnownFileType = text.plist.xml; path = "GoogleService-Info.plist"; sourceTree = "<group>"; };
		6B2F9285F18BAD26B54589A9 /* Pods_Snap_shot.framework */ = {isa = PBXFileReference; explicitFileType = wrapper.framework; includeInIndex = 0; path = Pods_Snap_shot.framework; sourceTree = BUILT_PRODUCTS_DIR; };
		8DC3D4873A3DAB5010812081 /* Pods-Snap shot.debug.xcconfig */ = {isa = PBXFileReference; includeInIndex = 1; lastKnownFileType = text.xcconfig; name = "Pods-Snap shot.debug.xcconfig"; path = "Pods/Target Support Files/Pods-Snap shot/Pods-Snap shot.debug.xcconfig"; sourceTree = "<group>"; };
		B53FFF5DA189017B6CE331E9 /* Pods-Snap shot.release.xcconfig */ = {isa = PBXFileReference; includeInIndex = 1; lastKnownFileType = text.xcconfig; name = "Pods-Snap shot.release.xcconfig"; path = "Pods/Target Support Files/Pods-Snap shot/Pods-Snap shot.release.xcconfig"; sourceTree = "<group>"; };
/* End PBXFileReference section */

/* Begin PBXFrameworksBuildPhase section */
		63FBCE7D1EB66D7100586464 /* Frameworks */ = {
			isa = PBXFrameworksBuildPhase;
			buildActionMask = 2147483647;
			files = (
				2D5F87EE71EC2D6A49C76936 /* Pods_Snap_shot.framework in Frameworks */,
			);
			runOnlyForDeploymentPostprocessing = 0;
		};
/* End PBXFrameworksBuildPhase section */

/* Begin PBXGroup section */
		1492B147C8B766F339263CD7 /* Frameworks */ = {
			isa = PBXGroup;
			children = (
				6B2F9285F18BAD26B54589A9 /* Pods_Snap_shot.framework */,
			);
			name = Frameworks;
			sourceTree = "<group>";
		};
		63FBCE771EB66D7100586464 = {
			isa = PBXGroup;
			children = (
				63FBCE821EB66D7100586464 /* Snap shot */,
				63FBCE811EB66D7100586464 /* Products */,
				ACACC34C9E2205F58A69EDAD /* Pods */,
				1492B147C8B766F339263CD7 /* Frameworks */,
			);
			sourceTree = "<group>";
		};
		63FBCE811EB66D7100586464 /* Products */ = {
			isa = PBXGroup;
			children = (
				63FBCE801EB66D7100586464 /* Snap shot.app */,
			);
			name = Products;
			sourceTree = "<group>";
		};
		63FBCE821EB66D7100586464 /* Snap shot */ = {
			isa = PBXGroup;
			children = (
				63D242B11EB7F31B001B85BC /* Snap shot.entitlements */,
				63FBCE831EB66D7100586464 /* AppDelegate.swift */,
				63FBCE851EB66D7100586464 /* SignInViewController.swift */,
				63D242B21EB7F83A001B85BC /* SnapsViewController.swift */,
				63D242B41EB7FD1D001B85BC /* PictureViewController.swift */,
				63D242B61EB829D5001B85BC /* SelectUserViewController.swift */,
				63FBCE871EB66D7100586464 /* Main.storyboard */,
				63FBCE8D1EB66D7100586464 /* Assets.xcassets */,
				63FBCE8F1EB66D7100586464 /* LaunchScreen.storyboard */,
				63FBCE921EB66D7100586464 /* Info.plist */,
				63FBCE981EB674D100586464 /* GoogleService-Info.plist */,
				63FBCE8A1EB66D7100586464 /* Snap_shot.xcdatamodeld */,
			);
			path = "Snap shot";
			sourceTree = "<group>";
		};
		ACACC34C9E2205F58A69EDAD /* Pods */ = {
			isa = PBXGroup;
			children = (
				8DC3D4873A3DAB5010812081 /* Pods-Snap shot.debug.xcconfig */,
				B53FFF5DA189017B6CE331E9 /* Pods-Snap shot.release.xcconfig */,
			);
			name = Pods;
			sourceTree = "<group>";
		};
/* End PBXGroup section */

/* Begin PBXNativeTarget section */
		63FBCE7F1EB66D7100586464 /* Snap shot */ = {
			isa = PBXNativeTarget;
			buildConfigurationList = 63FBCE951EB66D7100586464 /* Build configuration list for PBXNativeTarget "Snap shot" */;
			buildPhases = (
				6542BEAAAC735A9363F09561 /* [CP] Check Pods Manifest.lock */,
				63FBCE7C1EB66D7100586464 /* Sources */,
				63FBCE7D1EB66D7100586464 /* Frameworks */,
				63FBCE7E1EB66D7100586464 /* Resources */,
				6EB60CB6B4956707E295C1C6 /* [CP] Embed Pods Frameworks */,
				6EA52A6B1FA7BD239507975C /* [CP] Copy Pods Resources */,
			);
			buildRules = (
			);
			dependencies = (
			);
			name = "Snap shot";
			productName = "Snap shot";
			productReference = 63FBCE801EB66D7100586464 /* Snap shot.app */;
			productType = "com.apple.product-type.application";
		};
/* End PBXNativeTarget section */

/* Begin PBXProject section */
		63FBCE781EB66D7100586464 /* Project object */ = {
			isa = PBXProject;
			attributes = {
				LastSwiftUpdateCheck = 0830;
				LastUpgradeCheck = 0830;
				ORGANIZATIONNAME = "David Garza";
				TargetAttributes = {
					63FBCE7F1EB66D7100586464 = {
						CreatedOnToolsVersion = 8.3;
						DevelopmentTeam = ZYSQ7XEWQJ;
						ProvisioningStyle = Automatic;
						SystemCapabilities = {
							com.apple.Keychain = {
								enabled = 1;
							};
						};
					};
				};
			};
			buildConfigurationList = 63FBCE7B1EB66D7100586464 /* Build configuration list for PBXProject "Snap shot" */;
			compatibilityVersion = "Xcode 3.2";
			developmentRegion = English;
			hasScannedForEncodings = 0;
			knownRegions = (
				en,
				Base,
			);
			mainGroup = 63FBCE771EB66D7100586464;
			productRefGroup = 63FBCE811EB66D7100586464 /* Products */;
			projectDirPath = "";
			projectRoot = "";
			targets = (
				63FBCE7F1EB66D7100586464 /* Snap shot */,
			);
		};
/* End PBXProject section */

/* Begin PBXResourcesBuildPhase section */
		63FBCE7E1EB66D7100586464 /* Resources */ = {
			isa = PBXResourcesBuildPhase;
			buildActionMask = 2147483647;
			files = (
				63FBCE911EB66D7100586464 /* LaunchScreen.storyboard in Resources */,
				63FBCE991EB674D100586464 /* GoogleService-Info.plist in Resources */,
				63FBCE8E1EB66D7100586464 /* Assets.xcassets in Resources */,
				63FBCE891EB66D7100586464 /* Main.storyboard in Resources */,
			);
			runOnlyForDeploymentPostprocessing = 0;
		};
/* End PBXResourcesBuildPhase section */

/* Begin PBXShellScriptBuildPhase section */
		6542BEAAAC735A9363F09561 /* [CP] Check Pods Manifest.lock */ = {
			isa = PBXShellScriptBuildPhase;
			buildActionMask = 2147483647;
			files = (
			);
			inputPaths = (
			);
			name = "[CP] Check Pods Manifest.lock";
			outputPaths = (
			);
			runOnlyForDeploymentPostprocessing = 0;
			shellPath = /bin/sh;
			shellScript = "diff \"${PODS_PODFILE_DIR_PATH}/Podfile.lock\" \"${PODS_ROOT}/Manifest.lock\" > /dev/null\nif [ $? != 0 ] ; then\n    # print error to STDERR\n    echo \"error: The sandbox is not in sync with the Podfile.lock. Run 'pod install' or update your CocoaPods installation.\" >&2\n    exit 1\nfi\n";
			showEnvVarsInLog = 0;
		};
		6EA52A6B1FA7BD239507975C /* [CP] Copy Pods Resources */ = {
			isa = PBXShellScriptBuildPhase;
			buildActionMask = 2147483647;
			files = (
			);
			inputPaths = (
			);
			name = "[CP] Copy Pods Resources";
			outputPaths = (
			);
			runOnlyForDeploymentPostprocessing = 0;
			shellPath = /bin/sh;
			shellScript = "\"${SRCROOT}/Pods/Target Support Files/Pods-Snap shot/Pods-Snap shot-resources.sh\"\n";
			showEnvVarsInLog = 0;
		};
		6EB60CB6B4956707E295C1C6 /* [CP] Embed Pods Frameworks */ = {
			isa = PBXShellScriptBuildPhase;
			buildActionMask = 2147483647;
			files = (
			);
			inputPaths = (
			);
			name = "[CP] Embed Pods Frameworks";
			outputPaths = (
			);
			runOnlyForDeploymentPostprocessing = 0;
			shellPath = /bin/sh;
			shellScript = "\"${SRCROOT}/Pods/Target Support Files/Pods-Snap shot/Pods-Snap shot-frameworks.sh\"\n";
			showEnvVarsInLog = 0;
		};
/* End PBXShellScriptBuildPhase section */

/* Begin PBXSourcesBuildPhase section */
		63FBCE7C1EB66D7100586464 /* Sources */ = {
			isa = PBXSourcesBuildPhase;
			buildActionMask = 2147483647;
			files = (
				63D242B31EB7F83A001B85BC /* SnapsViewController.swift in Sources */,
				63FBCE861EB66D7100586464 /* SignInViewController.swift in Sources */,
				63FBCE8C1EB66D7100586464 /* Snap_shot.xcdatamodeld in Sources */,
				63D242B71EB829D5001B85BC /* SelectUserViewController.swift in Sources */,
				63FBCE841EB66D7100586464 /* AppDelegate.swift in Sources */,
				63D242B51EB7FD1D001B85BC /* PictureViewController.swift in Sources */,
			);
			runOnlyForDeploymentPostprocessing = 0;
		};
/* End PBXSourcesBuildPhase section */

/* Begin PBXVariantGroup section */
		63FBCE871EB66D7100586464 /* Main.storyboard */ = {
			isa = PBXVariantGroup;
			children = (
				63FBCE881EB66D7100586464 /* Base */,
			);
			name = Main.storyboard;
			sourceTree = "<group>";
		};
		63FBCE8F1EB66D7100586464 /* LaunchScreen.storyboard */ = {
			isa = PBXVariantGroup;
			children = (
				63FBCE901EB66D7100586464 /* Base */,
			);
			name = LaunchScreen.storyboard;
			sourceTree = "<group>";
		};
/* End PBXVariantGroup section */

/* Begin XCBuildConfiguration section */
		63FBCE931EB66D7100586464 /* Debug */ = {
			isa = XCBuildConfiguration;
			buildSettings = {
				ALWAYS_SEARCH_USER_PATHS = NO;
				CLANG_ANALYZER_NONNULL = YES;
				CLANG_ANALYZER_NUMBER_OBJECT_CONVERSION = YES_AGGRESSIVE;
				CLANG_CXX_LANGUAGE_STANDARD = "gnu++0x";
				CLANG_CXX_LIBRARY = "libc++";
				CLANG_ENABLE_MODULES = YES;
				CLANG_ENABLE_OBJC_ARC = YES;
				CLANG_WARN_BOOL_CONVERSION = YES;
				CLANG_WARN_CONSTANT_CONVERSION = YES;
				CLANG_WARN_DIRECT_OBJC_ISA_USAGE = YES_ERROR;
				CLANG_WARN_DOCUMENTATION_COMMENTS = YES;
				CLANG_WARN_EMPTY_BODY = YES;
				CLANG_WARN_ENUM_CONVERSION = YES;
				CLANG_WARN_INFINITE_RECURSION = YES;
				CLANG_WARN_INT_CONVERSION = YES;
				CLANG_WARN_OBJC_ROOT_CLASS = YES_ERROR;
				CLANG_WARN_SUSPICIOUS_MOVE = YES;
				CLANG_WARN_UNREACHABLE_CODE = YES;
				CLANG_WARN__DUPLICATE_METHOD_MATCH = YES;
				"CODE_SIGN_IDENTITY[sdk=iphoneos*]" = "iPhone Developer";
				COPY_PHASE_STRIP = NO;
				DEBUG_INFORMATION_FORMAT = dwarf;
				ENABLE_STRICT_OBJC_MSGSEND = YES;
				ENABLE_TESTABILITY = YES;
				GCC_C_LANGUAGE_STANDARD = gnu99;
				GCC_DYNAMIC_NO_PIC = NO;
				GCC_NO_COMMON_BLOCKS = YES;
				GCC_OPTIMIZATION_LEVEL = 0;
				GCC_PREPROCESSOR_DEFINITIONS = (
					"DEBUG=1",
					"$(inherited)",
				);
				GCC_WARN_64_TO_32_BIT_CONVERSION = YES;
				GCC_WARN_ABOUT_RETURN_TYPE = YES_ERROR;
				GCC_WARN_UNDECLARED_SELECTOR = YES;
				GCC_WARN_UNINITIALIZED_AUTOS = YES_AGGRESSIVE;
				GCC_WARN_UNUSED_FUNCTION = YES;
				GCC_WARN_UNUSED_VARIABLE = YES;
				IPHONEOS_DEPLOYMENT_TARGET = 10.3;
				MTL_ENABLE_DEBUG_INFO = YES;
				ONLY_ACTIVE_ARCH = YES;
				SDKROOT = iphoneos;
				SWIFT_ACTIVE_COMPILATION_CONDITIONS = DEBUG;
				SWIFT_OPTIMIZATION_LEVEL = "-Onone";
				TARGETED_DEVICE_FAMILY = "1,2";
			};
			name = Debug;
		};
		63FBCE941EB66D7100586464 /* Release */ = {
			isa = XCBuildConfiguration;
			buildSettings = {
				ALWAYS_SEARCH_USER_PATHS = NO;
				CLANG_ANALYZER_NONNULL = YES;
				CLANG_ANALYZER_NUMBER_OBJECT_CONVERSION = YES_AGGRESSIVE;
				CLANG_CXX_LANGUAGE_STANDARD = "gnu++0x";
				CLANG_CXX_LIBRARY = "libc++";
				CLANG_ENABLE_MODULES = YES;
				CLANG_ENABLE_OBJC_ARC = YES;
				CLANG_WARN_BOOL_CONVERSION = YES;
				CLANG_WARN_CONSTANT_CONVERSION = YES;
				CLANG_WARN_DIRECT_OBJC_ISA_USAGE = YES_ERROR;
				CLANG_WARN_DOCUMENTATION_COMMENTS = YES;
				CLANG_WARN_EMPTY_BODY = YES;
				CLANG_WARN_ENUM_CONVERSION = YES;
				CLANG_WARN_INFINITE_RECURSION = YES;
				CLANG_WARN_INT_CONVERSION = YES;
				CLANG_WARN_OBJC_ROOT_CLASS = YES_ERROR;
				CLANG_WARN_SUSPICIOUS_MOVE = YES;
				CLANG_WARN_UNREACHABLE_CODE = YES;
				CLANG_WARN__DUPLICATE_METHOD_MATCH = YES;
				"CODE_SIGN_IDENTITY[sdk=iphoneos*]" = "iPhone Developer";
				COPY_PHASE_STRIP = NO;
				DEBUG_INFORMATION_FORMAT = "dwarf-with-dsym";
				ENABLE_NS_ASSERTIONS = NO;
				ENABLE_STRICT_OBJC_MSGSEND = YES;
				GCC_C_LANGUAGE_STANDARD = gnu99;
				GCC_NO_COMMON_BLOCKS = YES;
				GCC_WARN_64_TO_32_BIT_CONVERSION = YES;
				GCC_WARN_ABOUT_RETURN_TYPE = YES_ERROR;
				GCC_WARN_UNDECLARED_SELECTOR = YES;
				GCC_WARN_UNINITIALIZED_AUTOS = YES_AGGRESSIVE;
				GCC_WARN_UNUSED_FUNCTION = YES;
				GCC_WARN_UNUSED_VARIABLE = YES;
				IPHONEOS_DEPLOYMENT_TARGET = 10.3;
				MTL_ENABLE_DEBUG_INFO = NO;
				SDKROOT = iphoneos;
				SWIFT_OPTIMIZATION_LEVEL = "-Owholemodule";
				TARGETED_DEVICE_FAMILY = "1,2";
				VALIDATE_PRODUCT = YES;
			};
			name = Release;
		};
		63FBCE961EB66D7100586464 /* Debug */ = {
			isa = XCBuildConfiguration;
			baseConfigurationReference = 8DC3D4873A3DAB5010812081 /* Pods-Snap shot.debug.xcconfig */;
			buildSettings = {
				ASSETCATALOG_COMPILER_APPICON_NAME = AppIcon;
				CODE_SIGN_ENTITLEMENTS = "Snap shot/Snap shot.entitlements";
				DEVELOPMENT_TEAM = ZYSQ7XEWQJ;
				INFOPLIST_FILE = "Snap shot/Info.plist";
				LD_RUNPATH_SEARCH_PATHS = "$(inherited) @executable_path/Frameworks";
				PRODUCT_BUNDLE_IDENTIFIER = "azragdivad.Snap-shot";
				PRODUCT_NAME = "$(TARGET_NAME)";
				SWIFT_VERSION = 3.0;
			};
			name = Debug;
		};
		63FBCE971EB66D7100586464 /* Release */ = {
			isa = XCBuildConfiguration;
			baseConfigurationReference = B53FFF5DA189017B6CE331E9 /* Pods-Snap shot.release.xcconfig */;
			buildSettings = {
				ASSETCATALOG_COMPILER_APPICON_NAME = AppIcon;
				CODE_SIGN_ENTITLEMENTS = "Snap shot/Snap shot.entitlements";
				DEVELOPMENT_TEAM = ZYSQ7XEWQJ;
				INFOPLIST_FILE = "Snap shot/Info.plist";
				LD_RUNPATH_SEARCH_PATHS = "$(inherited) @executable_path/Frameworks";
				PRODUCT_BUNDLE_IDENTIFIER = "azragdivad.Snap-shot";
				PRODUCT_NAME = "$(TARGET_NAME)";
				SWIFT_VERSION = 3.0;
			};
			name = Release;
		};
/* End XCBuildConfiguration section */

/* Begin XCConfigurationList section */
		63FBCE7B1EB66D7100586464 /* Build configuration list for PBXProject "Snap shot" */ = {
			isa = XCConfigurationList;
			buildConfigurations = (
				63FBCE931EB66D7100586464 /* Debug */,
				63FBCE941EB66D7100586464 /* Release */,
			);
			defaultConfigurationIsVisible = 0;
			defaultConfigurationName = Release;
		};
		63FBCE951EB66D7100586464 /* Build configuration list for PBXNativeTarget "Snap shot" */ = {
			isa = XCConfigurationList;
			buildConfigurations = (
				63FBCE961EB66D7100586464 /* Debug */,
				63FBCE971EB66D7100586464 /* Release */,
			);
			defaultConfigurationIsVisible = 0;
			defaultConfigurationName = Release;
		};
/* End XCConfigurationList section */

/* Begin XCVersionGroup section */
		63FBCE8A1EB66D7100586464 /* Snap_shot.xcdatamodeld */ = {
			isa = XCVersionGroup;
			children = (
				63FBCE8B1EB66D7100586464 /* Snap_shot.xcdatamodel */,
			);
			currentVersion = 63FBCE8B1EB66D7100586464 /* Snap_shot.xcdatamodel */;
			path = Snap_shot.xcdatamodeld;
			sourceTree = "<group>";
			versionGroupType = wrapper.xcdatamodel;
		};
/* End XCVersionGroup section */
	};
	rootObject = 63FBCE781EB66D7100586464 /* Project object */;
}
